
Microsoft Visual Studio Solution File, Format Version 12.00
# Visual Studio Version 17
VisualStudioVersion = 17.14.36301.6
MinimumVisualStudioVersion = 10.0.40219.1
Project("{FAE04EC0-301F-11D3-BF4B-00C04F79EFBC}") = "MongoDBConnector", "MongoDBConnector.csproj", "{3414DB41-79BA-4FAA-9399-CD078014E452}"
EndProject
Project("{FAE04EC0-301F-11D3-BF4B-00C04F79EFBC}") = "MongoDBConnector.Test", "..\MongoDBConnector.Test\MongoDBConnector.Test.csproj", "{A22818B4-46F4-4466-9A94-92183BA10A84}"
EndProject
Global
	GlobalSection(SolutionConfigurationPlatforms) = preSolution
		Debug|Any CPU = Debug|Any CPU
		Release|Any CPU = Release|Any CPU
	EndGlobalSection
	GlobalSection(ProjectConfigurationPlatforms) = postSolution
		{3414DB41-79BA-4FAA-9399-CD078014E452}.Debug|Any CPU.ActiveCfg = Debug|Any CPU
		{3414DB41-79BA-4FAA-9399-CD078014E452}.Debug|Any CPU.Build.0 = Debug|Any CPU
		{3414DB41-79BA-4FAA-9399-CD078014E452}.Release|Any CPU.ActiveCfg = Release|Any CPU
		{3414DB41-79BA-4FAA-9399-CD078014E452}.Release|Any CPU.Build.0 = Release|Any CPU
		{A22818B4-46F4-4466-9A94-92183BA10A84}.Debug|Any CPU.ActiveCfg = Debug|Any CPU
		{A22818B4-46F4-4466-9A94-92183BA10A84}.Debug|Any CPU.Build.0 = Debug|Any CPU
		{A22818B4-46F4-4466-9A94-92183BA10A84}.Release|Any CPU.ActiveCfg = Release|Any CPU
		{A22818B4-46F4-4466-9A94-92183BA10A84}.Release|Any CPU.Build.0 = Release|Any CPU
	EndGlobalSection
	GlobalSection(SolutionProperties) = preSolution
		HideSolutionNode = FALSE
	EndGlobalSection
	GlobalSection(ExtensibilityGlobals) = postSolution
		SolutionGuid = {9F08FCA5-E29F-46B8-A6F7-92BE25837F8F}
	EndGlobalSection
EndGlobal
